Microsoft Visual Studio Solution File, Format Version 12.00
# Visual Studio Version 17
VisualStudioVersion = 17.5.2.0
MinimumVisualStudioVersion = 10.0.40219.1
Project("{FAE04EC0-301F-11D3-BF4B-00C04F79EFBC}") = "LiteNetLib", "Plugins\LiteNetLib.csproj", "{81FB51EA-AF6B-DF39-64E5-3EE0127C53D3}"
EndProject
Global
	GlobalSection(SolutionConfigurationPlatforms) = preSolution
		Debug|Any CPU = Debug|Any CPU
		Release|Any CPU = Release|Any CPU
	EndGlobalSection
	GlobalSection(ProjectConfigurationPlatforms) = postSolution
		{81FB51EA-AF6B-DF39-64E5-3EE0127C53D3}.Debug|Any CPU.ActiveCfg = Debug|Any CPU
		{81FB51EA-AF6B-DF39-64E5-3EE0127C53D3}.Debug|Any CPU.Build.0 = Debug|Any CPU
		{81FB51EA-AF6B-DF39-64E5-3EE0127C53D3}.Release|Any CPU.ActiveCfg = Release|Any CPU
		{81FB51EA-AF6B-DF39-64E5-3EE0127C53D3}.Release|Any CPU.Build.0 = Release|Any CPU
	EndGlobalSection
	GlobalSection(SolutionProperties) = preSolution
		HideSolutionNode = FALSE
	EndGlobalSection
	GlobalSection(ExtensibilityGlobals) = postSolution
		SolutionGuid = {39D6C15E-1013-4935-9D56-9398E838B5D6}
	EndGlobalSection
EndGlobal
